
Microsoft Visual Studio Solution File, Format Version 12.00
# Visual Studio Version 16
VisualStudioVersion = 16.0.29613.14
MinimumVisualStudioVersion = 10.0.40219.1
Project("{FAE04EC0-301F-11D3-BF4B-00C04F79EFBC}") = "Api", "Api\Api.csproj", "{6C2E742E-AC4F-4ABC-B7C1-D105A3FA6F07}"
EndProject
Project("{FAE04EC0-301F-11D3-BF4B-00C04F79EFBC}") = "AccesoDatos", "AccesoDatos\AccesoDatos.csproj", "{7160AA76-63EB-410F-B878-DC92F62D564E}"
EndProject
Project("{FAE04EC0-301F-11D3-BF4B-00C04F79EFBC}") = "Entities", "Entities\Entities.csproj", "{D128CEC3-C2BC-411A-A0D1-176DE8DBFDE3}"
EndProject
Global
	GlobalSection(SolutionConfigurationPlatforms) = preSolution
		Debug|Any CPU = Debug|Any CPU
		Release|Any CPU = Release|Any CPU
	EndGlobalSection
	GlobalSection(ProjectConfigurationPlatforms) = postSolution
		{6C2E742E-AC4F-4ABC-B7C1-D105A3FA6F07}.Debug|Any CPU.ActiveCfg = Debug|Any CPU
		{6C2E742E-AC4F-4ABC-B7C1-D105A3FA6F07}.Debug|Any CPU.Build.0 = Debug|Any CPU
		{6C2E742E-AC4F-4ABC-B7C1-D105A3FA6F07}.Release|Any CPU.ActiveCfg = Release|Any CPU
		{6C2E742E-AC4F-4ABC-B7C1-D105A3FA6F07}.Release|Any CPU.Build.0 = Release|Any CPU
		{7160AA76-63EB-410F-B878-DC92F62D564E}.Debug|Any CPU.ActiveCfg = Debug|Any CPU
		{7160AA76-63EB-410F-B878-DC92F62D564E}.Debug|Any CPU.Build.0 = Debug|Any CPU
		{7160AA76-63EB-410F-B878-DC92F62D564E}.Release|Any CPU.ActiveCfg = Release|Any CPU
		{7160AA76-63EB-410F-B878-DC92F62D564E}.Release|Any CPU.Build.0 = Release|Any CPU
		{D128CEC3-C2BC-411A-A0D1-176DE8DBFDE3}.Debug|Any CPU.ActiveCfg = Debug|Any CPU
		{D128CEC3-C2BC-411A-A0D1-176DE8DBFDE3}.Debug|Any CPU.Build.0 = Debug|Any CPU
		{D128CEC3-C2BC-411A-A0D1-176DE8DBFDE3}.Release|Any CPU.ActiveCfg = Release|Any CPU
		{D128CEC3-C2BC-411A-A0D1-176DE8DBFDE3}.Release|Any CPU.Build.0 = Release|Any CPU
	EndGlobalSection
	GlobalSection(SolutionProperties) = preSolution
		HideSolutionNode = FALSE
	EndGlobalSection
	GlobalSection(ExtensibilityGlobals) = postSolution
		SolutionGuid = {1C56958C-23D9-4EE2-8FAF-5CA5C1326CC3}
	EndGlobalSection
EndGlobal
